{
  "name": "lego-universe-discord-bot",
  "version": "1.0.0",
  "lockfileVersion": 3,
  "requires": true,
  "packages": {
    "": {
      "name": "lego-universe-discord-bot",
      "version": "1.0.0",
      "license": "ISC",
      "dependencies": {
        "discord.js": "^14.17.3",
        "dotenv": "^16.4.7",
        "sqlite3": "^5.1.7"
      },
      "devDependencies": {
        "typescript": "^5.7.3"
      },
      "engines": {
        "node": ">=18.20.0",
        "npm": ">=9"
      }
    }
  }
}
